
Microsoft Visual Studio Solution File, Format Version 12.00
# Visual Studio Version 16
VisualStudioVersion = 16.0.31019.35
MinimumVisualStudioVersion = 10.0.40219.1
Project("{9A19103F-16F7-4668-BE54-9A1E7A4F7556}") = "RestApi", "src\RestApi\RestApi.csproj", "{D3B464DC-9E76-496B-9881-E91B3FA329B1}"
EndProject
Project("{2150E333-8FDC-42A3-9474-1A3956D46DE8}") = "Solution Items", "Solution Items", "{89BDBBC4-BA97-45B4-98A4-4B4BFFC83648}"
	ProjectSection(SolutionItems) = preProject
		.editorconfig = .editorconfig
	EndProjectSection
EndProject
Project("{9A19103F-16F7-4668-BE54-9A1E7A4F7556}") = "Core", "src\Core\Core.csproj", "{AD102DCE-B038-432D-851D-B6361E00E701}"
EndProject
Project("{9A19103F-16F7-4668-BE54-9A1E7A4F7556}") = "Application", "src\Application\Application.csproj", "{98C1C1D1-3301-4E4E-9391-604571A0B988}"
EndProject
Project("{9A19103F-16F7-4668-BE54-9A1E7A4F7556}") = "Persistence", "src\Persistence\Persistence.csproj", "{ED124A55-EF02-448A-BD6B-70EAF5755D3E}"
EndProject
Project("{2150E333-8FDC-42A3-9474-1A3956D46DE8}") = "src", "src", "{6AE4DC7C-D009-4B2E-AA12-F57BD04DDEF1}"
EndProject
Project("{2150E333-8FDC-42A3-9474-1A3956D46DE8}") = "tests", "tests", "{EED76C33-B503-492C-BAC7-C057A2704A3D}"
EndProject
Project("{FAE04EC0-301F-11D3-BF4B-00C04F79EFBC}") = "Utilities", "src\Utilities\Utilities.csproj", "{B309F43D-4408-4EB0-B94D-4ED9376B236F}"
EndProject
Global
	GlobalSection(SolutionConfigurationPlatforms) = preSolution
		Debug|Any CPU = Debug|Any CPU
		Release|Any CPU = Release|Any CPU
	EndGlobalSection
	GlobalSection(ProjectConfigurationPlatforms) = postSolution
		{D3B464DC-9E76-496B-9881-E91B3FA329B1}.Debug|Any CPU.ActiveCfg = Debug|Any CPU
		{D3B464DC-9E76-496B-9881-E91B3FA329B1}.Debug|Any CPU.Build.0 = Debug|Any CPU
		{D3B464DC-9E76-496B-9881-E91B3FA329B1}.Release|Any CPU.ActiveCfg = Release|Any CPU
		{D3B464DC-9E76-496B-9881-E91B3FA329B1}.Release|Any CPU.Build.0 = Release|Any CPU
		{AD102DCE-B038-432D-851D-B6361E00E701}.Debug|Any CPU.ActiveCfg = Debug|Any CPU
		{AD102DCE-B038-432D-851D-B6361E00E701}.Debug|Any CPU.Build.0 = Debug|Any CPU
		{AD102DCE-B038-432D-851D-B6361E00E701}.Release|Any CPU.ActiveCfg = Release|Any CPU
		{AD102DCE-B038-432D-851D-B6361E00E701}.Release|Any CPU.Build.0 = Release|Any CPU
		{98C1C1D1-3301-4E4E-9391-604571A0B988}.Debug|Any CPU.ActiveCfg = Debug|Any CPU
		{98C1C1D1-3301-4E4E-9391-604571A0B988}.Debug|Any CPU.Build.0 = Debug|Any CPU
		{98C1C1D1-3301-4E4E-9391-604571A0B988}.Release|Any CPU.ActiveCfg = Release|Any CPU
		{98C1C1D1-3301-4E4E-9391-604571A0B988}.Release|Any CPU.Build.0 = Release|Any CPU
		{ED124A55-EF02-448A-BD6B-70EAF5755D3E}.Debug|Any CPU.ActiveCfg = Debug|Any CPU
		{ED124A55-EF02-448A-BD6B-70EAF5755D3E}.Debug|Any CPU.Build.0 = Debug|Any CPU
		{ED124A55-EF02-448A-BD6B-70EAF5755D3E}.Release|Any CPU.ActiveCfg = Release|Any CPU
		{ED124A55-EF02-448A-BD6B-70EAF5755D3E}.Release|Any CPU.Build.0 = Release|Any CPU
		{B309F43D-4408-4EB0-B94D-4ED9376B236F}.Debug|Any CPU.ActiveCfg = Debug|Any CPU
		{B309F43D-4408-4EB0-B94D-4ED9376B236F}.Debug|Any CPU.Build.0 = Debug|Any CPU
		{B309F43D-4408-4EB0-B94D-4ED9376B236F}.Release|Any CPU.ActiveCfg = Release|Any CPU
		{B309F43D-4408-4EB0-B94D-4ED9376B236F}.Release|Any CPU.Build.0 = Release|Any CPU
	EndGlobalSection
	GlobalSection(SolutionProperties) = preSolution
		HideSolutionNode = FALSE
	EndGlobalSection
	GlobalSection(NestedProjects) = preSolution
		{D3B464DC-9E76-496B-9881-E91B3FA329B1} = {6AE4DC7C-D009-4B2E-AA12-F57BD04DDEF1}
		{AD102DCE-B038-432D-851D-B6361E00E701} = {6AE4DC7C-D009-4B2E-AA12-F57BD04DDEF1}
		{98C1C1D1-3301-4E4E-9391-604571A0B988} = {6AE4DC7C-D009-4B2E-AA12-F57BD04DDEF1}
		{ED124A55-EF02-448A-BD6B-70EAF5755D3E} = {6AE4DC7C-D009-4B2E-AA12-F57BD04DDEF1}
		{B309F43D-4408-4EB0-B94D-4ED9376B236F} = {6AE4DC7C-D009-4B2E-AA12-F57BD04DDEF1}
	EndGlobalSection
	GlobalSection(ExtensibilityGlobals) = postSolution
		SolutionGuid = {CFDC46A0-AE1E-42C8-9114-F991A4464D7E}
	EndGlobalSection
EndGlobal
